
Microsoft Visual Studio Solution File, Format Version 12.00
# Visual Studio Version 17
VisualStudioVersion = 17.8.34309.116
MinimumVisualStudioVersion = 10.0.40219.1
Project("{2150E333-8FDC-42A3-9474-1A3956D46DE8}") = "Services", "Services", "{48A299B7-208F-4200-AA38-8771A949E16B}"
EndProject
Project("{2150E333-8FDC-42A3-9474-1A3956D46DE8}") = "Catalog", "Catalog", "{F0B4B0F5-F9DC-4E49-9272-6906D501BBCA}"
EndProject
Project("{9A19103F-16F7-4668-BE54-9A1E7A4F7556}") = "MultiShop.Catalog", "Services\Catalog\MultiShop.Catalog\MultiShop.Catalog.csproj", "{81AA486C-EA29-4090-B99E-28F8F6E221CE}"
EndProject
Project("{2150E333-8FDC-42A3-9474-1A3956D46DE8}") = "Discount", "Discount", "{8A25481E-19AA-45E0-BE61-976D8E3BBBF9}"
EndProject
Project("{9A19103F-16F7-4668-BE54-9A1E7A4F7556}") = "MultiShop.Discount", "Services\Discount\MultiShop.Discount\MultiShop.Discount.csproj", "{0DC42345-B74D-4F24-A055-8BEBE6812359}"
EndProject
Project("{2150E333-8FDC-42A3-9474-1A3956D46DE8}") = "Order", "Order", "{22A98477-9D6E-4A80-8D68-53FEC98952D0}"
EndProject
Project("{2150E333-8FDC-42A3-9474-1A3956D46DE8}") = "Core", "Core", "{AF40625D-029E-4FC7-BAD7-FCBAF11EAF38}"
EndProject
Project("{2150E333-8FDC-42A3-9474-1A3956D46DE8}") = "Infrasturacture", "Infrasturacture", "{EEE805A7-80C5-4ECC-BB26-CA9642A91836}"
EndProject
Project("{2150E333-8FDC-42A3-9474-1A3956D46DE8}") = "Presentation", "Presentation", "{695F4DBA-147C-4BAE-8020-300ABE522F16}"
EndProject
Project("{FAE04EC0-301F-11D3-BF4B-00C04F79EFBC}") = "MultiShop.Order.Domain", "Services\Order\Core\MultiShop.Order.Domain\MultiShop.Order.Domain.csproj", "{4A72474B-7346-4DB6-8EED-99EC7306AA08}"
EndProject
Project("{FAE04EC0-301F-11D3-BF4B-00C04F79EFBC}") = "MultiShop.Order.Application", "Services\Core\MultiShop.Order.Application\MultiShop.Order.Application.csproj", "{89FDF6C2-ED3D-4E97-AD90-A71B9BB5CDCF}"
EndProject
Project("{FAE04EC0-301F-11D3-BF4B-00C04F79EFBC}") = "MultiShop.Order.Persistance", "Services\Order\Infrastructure\MultiShop.Order.Persistance\MultiShop.Order.Persistance.csproj", "{57DFDB0C-88F4-4502-87E8-6BABFC9B0073}"
EndProject
Project("{FAE04EC0-301F-11D3-BF4B-00C04F79EFBC}") = "MultiShop.Order.WebAPI", "Services\Order\Presentation\MultiShop.Order.WebAPI\MultiShop.Order.WebAPI.csproj", "{844977AF-5E8F-4141-8BA4-BC7B4D4B3200}"
EndProject
Global
	GlobalSection(SolutionConfigurationPlatforms) = preSolution
		Debug|Any CPU = Debug|Any CPU
		Release|Any CPU = Release|Any CPU
	EndGlobalSection
	GlobalSection(ProjectConfigurationPlatforms) = postSolution
		{81AA486C-EA29-4090-B99E-28F8F6E221CE}.Debug|Any CPU.ActiveCfg = Debug|Any CPU
		{81AA486C-EA29-4090-B99E-28F8F6E221CE}.Debug|Any CPU.Build.0 = Debug|Any CPU
		{81AA486C-EA29-4090-B99E-28F8F6E221CE}.Release|Any CPU.ActiveCfg = Release|Any CPU
		{81AA486C-EA29-4090-B99E-28F8F6E221CE}.Release|Any CPU.Build.0 = Release|Any CPU
		{0DC42345-B74D-4F24-A055-8BEBE6812359}.Debug|Any CPU.ActiveCfg = Debug|Any CPU
		{0DC42345-B74D-4F24-A055-8BEBE6812359}.Debug|Any CPU.Build.0 = Debug|Any CPU
		{0DC42345-B74D-4F24-A055-8BEBE6812359}.Release|Any CPU.ActiveCfg = Release|Any CPU
		{0DC42345-B74D-4F24-A055-8BEBE6812359}.Release|Any CPU.Build.0 = Release|Any CPU
		{4A72474B-7346-4DB6-8EED-99EC7306AA08}.Debug|Any CPU.ActiveCfg = Debug|Any CPU
		{4A72474B-7346-4DB6-8EED-99EC7306AA08}.Debug|Any CPU.Build.0 = Debug|Any CPU
		{4A72474B-7346-4DB6-8EED-99EC7306AA08}.Release|Any CPU.ActiveCfg = Release|Any CPU
		{4A72474B-7346-4DB6-8EED-99EC7306AA08}.Release|Any CPU.Build.0 = Release|Any CPU
		{89FDF6C2-ED3D-4E97-AD90-A71B9BB5CDCF}.Debug|Any CPU.ActiveCfg = Debug|Any CPU
		{89FDF6C2-ED3D-4E97-AD90-A71B9BB5CDCF}.Debug|Any CPU.Build.0 = Debug|Any CPU
		{89FDF6C2-ED3D-4E97-AD90-A71B9BB5CDCF}.Release|Any CPU.ActiveCfg = Release|Any CPU
		{89FDF6C2-ED3D-4E97-AD90-A71B9BB5CDCF}.Release|Any CPU.Build.0 = Release|Any CPU
		{57DFDB0C-88F4-4502-87E8-6BABFC9B0073}.Debug|Any CPU.ActiveCfg = Debug|Any CPU
		{57DFDB0C-88F4-4502-87E8-6BABFC9B0073}.Debug|Any CPU.Build.0 = Debug|Any CPU
		{57DFDB0C-88F4-4502-87E8-6BABFC9B0073}.Release|Any CPU.ActiveCfg = Release|Any CPU
		{57DFDB0C-88F4-4502-87E8-6BABFC9B0073}.Release|Any CPU.Build.0 = Release|Any CPU
		{844977AF-5E8F-4141-8BA4-BC7B4D4B3200}.Debug|Any CPU.ActiveCfg = Debug|Any CPU
		{844977AF-5E8F-4141-8BA4-BC7B4D4B3200}.Debug|Any CPU.Build.0 = Debug|Any CPU
		{844977AF-5E8F-4141-8BA4-BC7B4D4B3200}.Release|Any CPU.ActiveCfg = Release|Any CPU
		{844977AF-5E8F-4141-8BA4-BC7B4D4B3200}.Release|Any CPU.Build.0 = Release|Any CPU
	EndGlobalSection
	GlobalSection(SolutionProperties) = preSolution
		HideSolutionNode = FALSE
	EndGlobalSection
	GlobalSection(NestedProjects) = preSolution
		{F0B4B0F5-F9DC-4E49-9272-6906D501BBCA} = {48A299B7-208F-4200-AA38-8771A949E16B}
		{81AA486C-EA29-4090-B99E-28F8F6E221CE} = {F0B4B0F5-F9DC-4E49-9272-6906D501BBCA}
		{8A25481E-19AA-45E0-BE61-976D8E3BBBF9} = {48A299B7-208F-4200-AA38-8771A949E16B}
		{0DC42345-B74D-4F24-A055-8BEBE6812359} = {8A25481E-19AA-45E0-BE61-976D8E3BBBF9}
		{22A98477-9D6E-4A80-8D68-53FEC98952D0} = {48A299B7-208F-4200-AA38-8771A949E16B}
		{AF40625D-029E-4FC7-BAD7-FCBAF11EAF38} = {22A98477-9D6E-4A80-8D68-53FEC98952D0}
		{EEE805A7-80C5-4ECC-BB26-CA9642A91836} = {22A98477-9D6E-4A80-8D68-53FEC98952D0}
		{695F4DBA-147C-4BAE-8020-300ABE522F16} = {22A98477-9D6E-4A80-8D68-53FEC98952D0}
		{4A72474B-7346-4DB6-8EED-99EC7306AA08} = {AF40625D-029E-4FC7-BAD7-FCBAF11EAF38}
		{89FDF6C2-ED3D-4E97-AD90-A71B9BB5CDCF} = {AF40625D-029E-4FC7-BAD7-FCBAF11EAF38}
		{57DFDB0C-88F4-4502-87E8-6BABFC9B0073} = {EEE805A7-80C5-4ECC-BB26-CA9642A91836}
		{844977AF-5E8F-4141-8BA4-BC7B4D4B3200} = {695F4DBA-147C-4BAE-8020-300ABE522F16}
	EndGlobalSection
	GlobalSection(ExtensibilityGlobals) = postSolution
		SolutionGuid = {DAA11C53-3715-4142-8C24-05B15D363CFB}
	EndGlobalSection
EndGlobal
